
Microsoft Visual Studio Solution File, Format Version 12.00
# Visual Studio 15
VisualStudioVersion = 15.0.26124.0
MinimumVisualStudioVersion = 15.0.26124.0
Project("{FAE04EC0-301F-11D3-BF4B-00C04F79EFBC}") = "Afaq.Api", "Afaq.Api\Afaq.Api.csproj", "{ABF8F110-5E74-4103-8A12-D61AB0E3A56C}"
EndProject
Project("{FAE04EC0-301F-11D3-BF4B-00C04F79EFBC}") = "Afaq.Infrastructure", "Afaq.Infrastructure\Afaq.Infrastructure.csproj", "{0D3D14DB-0329-440C-8F71-2E0F61F93F47}"
EndProject
Project("{FAE04EC0-301F-11D3-BF4B-00C04F79EFBC}") = "Afaq.Core", "Afaq.Core\Afaq.Core.csproj", "{5224E24C-DAB1-4FB5-B3BB-EAD2E197FEB3}"
EndProject
Project("{2150E333-8FDC-42A3-9474-1A3956D46DE8}") = "tests", "tests", "{9746085F-C133-48B7-8AE2-7E8C707A7100}"
EndProject
Project("{FAE04EC0-301F-11D3-BF4B-00C04F79EFBC}") = "Afaq.FunctionalTests", "tests\Afaq.FunctionalTests\Afaq.FunctionalTests.csproj", "{0D3FB186-E5A2-4663-8DDA-5CEBAF0ED5BA}"
EndProject
Project("{FAE04EC0-301F-11D3-BF4B-00C04F79EFBC}") = "Afaq.Test", "tests\Afaq.Test\Afaq.Test.csproj", "{7762755E-6135-4A6D-BFEB-895E85221A21}"
EndProject
Project("{FAE04EC0-301F-11D3-BF4B-00C04F79EFBC}") = "Afaq.IntegrationTests", "tests\Afaq.IntegrationTests\Afaq.IntegrationTests.csproj", "{47B6F8F1-74CF-4E6E-A089-571C3B21AAB2}"
EndProject
Global
	GlobalSection(SolutionConfigurationPlatforms) = preSolution
		Debug|Any CPU = Debug|Any CPU
		Debug|x64 = Debug|x64
		Debug|x86 = Debug|x86
		Release|Any CPU = Release|Any CPU
		Release|x64 = Release|x64
		Release|x86 = Release|x86
	EndGlobalSection
	GlobalSection(SolutionProperties) = preSolution
		HideSolutionNode = FALSE
	EndGlobalSection
	GlobalSection(ProjectConfigurationPlatforms) = postSolution
		{97295F7E-7E7C-42BD-BF99-EDE240659C80}.Debug|Any CPU.ActiveCfg = Debug|Any CPU
		{97295F7E-7E7C-42BD-BF99-EDE240659C80}.Debug|Any CPU.Build.0 = Debug|Any CPU
		{97295F7E-7E7C-42BD-BF99-EDE240659C80}.Debug|x64.ActiveCfg = Debug|Any CPU
		{97295F7E-7E7C-42BD-BF99-EDE240659C80}.Debug|x64.Build.0 = Debug|Any CPU
		{97295F7E-7E7C-42BD-BF99-EDE240659C80}.Debug|x86.ActiveCfg = Debug|Any CPU
		{97295F7E-7E7C-42BD-BF99-EDE240659C80}.Debug|x86.Build.0 = Debug|Any CPU
		{97295F7E-7E7C-42BD-BF99-EDE240659C80}.Release|Any CPU.ActiveCfg = Release|Any CPU
		{97295F7E-7E7C-42BD-BF99-EDE240659C80}.Release|Any CPU.Build.0 = Release|Any CPU
		{97295F7E-7E7C-42BD-BF99-EDE240659C80}.Release|x64.ActiveCfg = Release|Any CPU
		{97295F7E-7E7C-42BD-BF99-EDE240659C80}.Release|x64.Build.0 = Release|Any CPU
		{97295F7E-7E7C-42BD-BF99-EDE240659C80}.Release|x86.ActiveCfg = Release|Any CPU
		{97295F7E-7E7C-42BD-BF99-EDE240659C80}.Release|x86.Build.0 = Release|Any CPU
		{C27245AC-E282-4188-8DB7-6331A45B55ED}.Debug|Any CPU.ActiveCfg = Debug|Any CPU
		{C27245AC-E282-4188-8DB7-6331A45B55ED}.Debug|Any CPU.Build.0 = Debug|Any CPU
		{C27245AC-E282-4188-8DB7-6331A45B55ED}.Debug|x64.ActiveCfg = Debug|Any CPU
		{C27245AC-E282-4188-8DB7-6331A45B55ED}.Debug|x64.Build.0 = Debug|Any CPU
		{C27245AC-E282-4188-8DB7-6331A45B55ED}.Debug|x86.ActiveCfg = Debug|Any CPU
		{C27245AC-E282-4188-8DB7-6331A45B55ED}.Debug|x86.Build.0 = Debug|Any CPU
		{C27245AC-E282-4188-8DB7-6331A45B55ED}.Release|Any CPU.ActiveCfg = Release|Any CPU
		{C27245AC-E282-4188-8DB7-6331A45B55ED}.Release|Any CPU.Build.0 = Release|Any CPU
		{C27245AC-E282-4188-8DB7-6331A45B55ED}.Release|x64.ActiveCfg = Release|Any CPU
		{C27245AC-E282-4188-8DB7-6331A45B55ED}.Release|x64.Build.0 = Release|Any CPU
		{C27245AC-E282-4188-8DB7-6331A45B55ED}.Release|x86.ActiveCfg = Release|Any CPU
		{C27245AC-E282-4188-8DB7-6331A45B55ED}.Release|x86.Build.0 = Release|Any CPU
		{ABF8F110-5E74-4103-8A12-D61AB0E3A56C}.Debug|Any CPU.ActiveCfg = Debug|Any CPU
		{ABF8F110-5E74-4103-8A12-D61AB0E3A56C}.Debug|Any CPU.Build.0 = Debug|Any CPU
		{ABF8F110-5E74-4103-8A12-D61AB0E3A56C}.Debug|x64.ActiveCfg = Debug|Any CPU
		{ABF8F110-5E74-4103-8A12-D61AB0E3A56C}.Debug|x64.Build.0 = Debug|Any CPU
		{ABF8F110-5E74-4103-8A12-D61AB0E3A56C}.Debug|x86.ActiveCfg = Debug|Any CPU
		{ABF8F110-5E74-4103-8A12-D61AB0E3A56C}.Debug|x86.Build.0 = Debug|Any CPU
		{ABF8F110-5E74-4103-8A12-D61AB0E3A56C}.Release|Any CPU.ActiveCfg = Release|Any CPU
		{ABF8F110-5E74-4103-8A12-D61AB0E3A56C}.Release|Any CPU.Build.0 = Release|Any CPU
		{ABF8F110-5E74-4103-8A12-D61AB0E3A56C}.Release|x64.ActiveCfg = Release|Any CPU
		{ABF8F110-5E74-4103-8A12-D61AB0E3A56C}.Release|x64.Build.0 = Release|Any CPU
		{ABF8F110-5E74-4103-8A12-D61AB0E3A56C}.Release|x86.ActiveCfg = Release|Any CPU
		{ABF8F110-5E74-4103-8A12-D61AB0E3A56C}.Release|x86.Build.0 = Release|Any CPU
		{667D525A-F6DA-4829-876F-D0E25836772C}.Debug|Any CPU.ActiveCfg = Debug|Any CPU
		{667D525A-F6DA-4829-876F-D0E25836772C}.Debug|Any CPU.Build.0 = Debug|Any CPU
		{667D525A-F6DA-4829-876F-D0E25836772C}.Debug|x64.ActiveCfg = Debug|Any CPU
		{667D525A-F6DA-4829-876F-D0E25836772C}.Debug|x64.Build.0 = Debug|Any CPU
		{667D525A-F6DA-4829-876F-D0E25836772C}.Debug|x86.ActiveCfg = Debug|Any CPU
		{667D525A-F6DA-4829-876F-D0E25836772C}.Debug|x86.Build.0 = Debug|Any CPU
		{667D525A-F6DA-4829-876F-D0E25836772C}.Release|Any CPU.ActiveCfg = Release|Any CPU
		{667D525A-F6DA-4829-876F-D0E25836772C}.Release|Any CPU.Build.0 = Release|Any CPU
		{667D525A-F6DA-4829-876F-D0E25836772C}.Release|x64.ActiveCfg = Release|Any CPU
		{667D525A-F6DA-4829-876F-D0E25836772C}.Release|x64.Build.0 = Release|Any CPU
		{667D525A-F6DA-4829-876F-D0E25836772C}.Release|x86.ActiveCfg = Release|Any CPU
		{667D525A-F6DA-4829-876F-D0E25836772C}.Release|x86.Build.0 = Release|Any CPU
		{0D3D14DB-0329-440C-8F71-2E0F61F93F47}.Debug|Any CPU.ActiveCfg = Debug|Any CPU
		{0D3D14DB-0329-440C-8F71-2E0F61F93F47}.Debug|Any CPU.Build.0 = Debug|Any CPU
		{0D3D14DB-0329-440C-8F71-2E0F61F93F47}.Debug|x64.ActiveCfg = Debug|Any CPU
		{0D3D14DB-0329-440C-8F71-2E0F61F93F47}.Debug|x64.Build.0 = Debug|Any CPU
		{0D3D14DB-0329-440C-8F71-2E0F61F93F47}.Debug|x86.ActiveCfg = Debug|Any CPU
		{0D3D14DB-0329-440C-8F71-2E0F61F93F47}.Debug|x86.Build.0 = Debug|Any CPU
		{0D3D14DB-0329-440C-8F71-2E0F61F93F47}.Release|Any CPU.ActiveCfg = Release|Any CPU
		{0D3D14DB-0329-440C-8F71-2E0F61F93F47}.Release|Any CPU.Build.0 = Release|Any CPU
		{0D3D14DB-0329-440C-8F71-2E0F61F93F47}.Release|x64.ActiveCfg = Release|Any CPU
		{0D3D14DB-0329-440C-8F71-2E0F61F93F47}.Release|x64.Build.0 = Release|Any CPU
		{0D3D14DB-0329-440C-8F71-2E0F61F93F47}.Release|x86.ActiveCfg = Release|Any CPU
		{0D3D14DB-0329-440C-8F71-2E0F61F93F47}.Release|x86.Build.0 = Release|Any CPU
		{AA94E733-ABA3-471F-8726-C88D5AE52820}.Debug|Any CPU.ActiveCfg = Debug|Any CPU
		{AA94E733-ABA3-471F-8726-C88D5AE52820}.Debug|Any CPU.Build.0 = Debug|Any CPU
		{AA94E733-ABA3-471F-8726-C88D5AE52820}.Debug|x64.ActiveCfg = Debug|Any CPU
		{AA94E733-ABA3-471F-8726-C88D5AE52820}.Debug|x64.Build.0 = Debug|Any CPU
		{AA94E733-ABA3-471F-8726-C88D5AE52820}.Debug|x86.ActiveCfg = Debug|Any CPU
		{AA94E733-ABA3-471F-8726-C88D5AE52820}.Debug|x86.Build.0 = Debug|Any CPU
		{AA94E733-ABA3-471F-8726-C88D5AE52820}.Release|Any CPU.ActiveCfg = Release|Any CPU
		{AA94E733-ABA3-471F-8726-C88D5AE52820}.Release|Any CPU.Build.0 = Release|Any CPU
		{AA94E733-ABA3-471F-8726-C88D5AE52820}.Release|x64.ActiveCfg = Release|Any CPU
		{AA94E733-ABA3-471F-8726-C88D5AE52820}.Release|x64.Build.0 = Release|Any CPU
		{AA94E733-ABA3-471F-8726-C88D5AE52820}.Release|x86.ActiveCfg = Release|Any CPU
		{AA94E733-ABA3-471F-8726-C88D5AE52820}.Release|x86.Build.0 = Release|Any CPU
		{77B81E79-34FE-4DA2-B6D0-57129F0371E0}.Debug|Any CPU.ActiveCfg = Debug|Any CPU
		{77B81E79-34FE-4DA2-B6D0-57129F0371E0}.Debug|Any CPU.Build.0 = Debug|Any CPU
		{77B81E79-34FE-4DA2-B6D0-57129F0371E0}.Debug|x64.ActiveCfg = Debug|Any CPU
		{77B81E79-34FE-4DA2-B6D0-57129F0371E0}.Debug|x64.Build.0 = Debug|Any CPU
		{77B81E79-34FE-4DA2-B6D0-57129F0371E0}.Debug|x86.ActiveCfg = Debug|Any CPU
		{77B81E79-34FE-4DA2-B6D0-57129F0371E0}.Debug|x86.Build.0 = Debug|Any CPU
		{77B81E79-34FE-4DA2-B6D0-57129F0371E0}.Release|Any CPU.ActiveCfg = Release|Any CPU
		{77B81E79-34FE-4DA2-B6D0-57129F0371E0}.Release|Any CPU.Build.0 = Release|Any CPU
		{77B81E79-34FE-4DA2-B6D0-57129F0371E0}.Release|x64.ActiveCfg = Release|Any CPU
		{77B81E79-34FE-4DA2-B6D0-57129F0371E0}.Release|x64.Build.0 = Release|Any CPU
		{77B81E79-34FE-4DA2-B6D0-57129F0371E0}.Release|x86.ActiveCfg = Release|Any CPU
		{77B81E79-34FE-4DA2-B6D0-57129F0371E0}.Release|x86.Build.0 = Release|Any CPU
		{5224E24C-DAB1-4FB5-B3BB-EAD2E197FEB3}.Debug|Any CPU.ActiveCfg = Debug|Any CPU
		{5224E24C-DAB1-4FB5-B3BB-EAD2E197FEB3}.Debug|Any CPU.Build.0 = Debug|Any CPU
		{5224E24C-DAB1-4FB5-B3BB-EAD2E197FEB3}.Debug|x64.ActiveCfg = Debug|Any CPU
		{5224E24C-DAB1-4FB5-B3BB-EAD2E197FEB3}.Debug|x64.Build.0 = Debug|Any CPU
		{5224E24C-DAB1-4FB5-B3BB-EAD2E197FEB3}.Debug|x86.ActiveCfg = Debug|Any CPU
		{5224E24C-DAB1-4FB5-B3BB-EAD2E197FEB3}.Debug|x86.Build.0 = Debug|Any CPU
		{5224E24C-DAB1-4FB5-B3BB-EAD2E197FEB3}.Release|Any CPU.ActiveCfg = Release|Any CPU
		{5224E24C-DAB1-4FB5-B3BB-EAD2E197FEB3}.Release|Any CPU.Build.0 = Release|Any CPU
		{5224E24C-DAB1-4FB5-B3BB-EAD2E197FEB3}.Release|x64.ActiveCfg = Release|Any CPU
		{5224E24C-DAB1-4FB5-B3BB-EAD2E197FEB3}.Release|x64.Build.0 = Release|Any CPU
		{5224E24C-DAB1-4FB5-B3BB-EAD2E197FEB3}.Release|x86.ActiveCfg = Release|Any CPU
		{5224E24C-DAB1-4FB5-B3BB-EAD2E197FEB3}.Release|x86.Build.0 = Release|Any CPU
		{0D3FB186-E5A2-4663-8DDA-5CEBAF0ED5BA}.Debug|Any CPU.ActiveCfg = Debug|Any CPU
		{0D3FB186-E5A2-4663-8DDA-5CEBAF0ED5BA}.Debug|Any CPU.Build.0 = Debug|Any CPU
		{0D3FB186-E5A2-4663-8DDA-5CEBAF0ED5BA}.Debug|x64.ActiveCfg = Debug|Any CPU
		{0D3FB186-E5A2-4663-8DDA-5CEBAF0ED5BA}.Debug|x64.Build.0 = Debug|Any CPU
		{0D3FB186-E5A2-4663-8DDA-5CEBAF0ED5BA}.Debug|x86.ActiveCfg = Debug|Any CPU
		{0D3FB186-E5A2-4663-8DDA-5CEBAF0ED5BA}.Debug|x86.Build.0 = Debug|Any CPU
		{0D3FB186-E5A2-4663-8DDA-5CEBAF0ED5BA}.Release|Any CPU.ActiveCfg = Release|Any CPU
		{0D3FB186-E5A2-4663-8DDA-5CEBAF0ED5BA}.Release|Any CPU.Build.0 = Release|Any CPU
		{0D3FB186-E5A2-4663-8DDA-5CEBAF0ED5BA}.Release|x64.ActiveCfg = Release|Any CPU
		{0D3FB186-E5A2-4663-8DDA-5CEBAF0ED5BA}.Release|x64.Build.0 = Release|Any CPU
		{0D3FB186-E5A2-4663-8DDA-5CEBAF0ED5BA}.Release|x86.ActiveCfg = Release|Any CPU
		{0D3FB186-E5A2-4663-8DDA-5CEBAF0ED5BA}.Release|x86.Build.0 = Release|Any CPU
		{7762755E-6135-4A6D-BFEB-895E85221A21}.Debug|Any CPU.ActiveCfg = Debug|Any CPU
		{7762755E-6135-4A6D-BFEB-895E85221A21}.Debug|Any CPU.Build.0 = Debug|Any CPU
		{7762755E-6135-4A6D-BFEB-895E85221A21}.Debug|x64.ActiveCfg = Debug|Any CPU
		{7762755E-6135-4A6D-BFEB-895E85221A21}.Debug|x64.Build.0 = Debug|Any CPU
		{7762755E-6135-4A6D-BFEB-895E85221A21}.Debug|x86.ActiveCfg = Debug|Any CPU
		{7762755E-6135-4A6D-BFEB-895E85221A21}.Debug|x86.Build.0 = Debug|Any CPU
		{7762755E-6135-4A6D-BFEB-895E85221A21}.Release|Any CPU.ActiveCfg = Release|Any CPU
		{7762755E-6135-4A6D-BFEB-895E85221A21}.Release|Any CPU.Build.0 = Release|Any CPU
		{7762755E-6135-4A6D-BFEB-895E85221A21}.Release|x64.ActiveCfg = Release|Any CPU
		{7762755E-6135-4A6D-BFEB-895E85221A21}.Release|x64.Build.0 = Release|Any CPU
		{7762755E-6135-4A6D-BFEB-895E85221A21}.Release|x86.ActiveCfg = Release|Any CPU
		{7762755E-6135-4A6D-BFEB-895E85221A21}.Release|x86.Build.0 = Release|Any CPU
		{47B6F8F1-74CF-4E6E-A089-571C3B21AAB2}.Debug|Any CPU.ActiveCfg = Debug|Any CPU
		{47B6F8F1-74CF-4E6E-A089-571C3B21AAB2}.Debug|Any CPU.Build.0 = Debug|Any CPU
		{47B6F8F1-74CF-4E6E-A089-571C3B21AAB2}.Debug|x64.ActiveCfg = Debug|Any CPU
		{47B6F8F1-74CF-4E6E-A089-571C3B21AAB2}.Debug|x64.Build.0 = Debug|Any CPU
		{47B6F8F1-74CF-4E6E-A089-571C3B21AAB2}.Debug|x86.ActiveCfg = Debug|Any CPU
		{47B6F8F1-74CF-4E6E-A089-571C3B21AAB2}.Debug|x86.Build.0 = Debug|Any CPU
		{47B6F8F1-74CF-4E6E-A089-571C3B21AAB2}.Release|Any CPU.ActiveCfg = Release|Any CPU
		{47B6F8F1-74CF-4E6E-A089-571C3B21AAB2}.Release|Any CPU.Build.0 = Release|Any CPU
		{47B6F8F1-74CF-4E6E-A089-571C3B21AAB2}.Release|x64.ActiveCfg = Release|Any CPU
		{47B6F8F1-74CF-4E6E-A089-571C3B21AAB2}.Release|x64.Build.0 = Release|Any CPU
		{47B6F8F1-74CF-4E6E-A089-571C3B21AAB2}.Release|x86.ActiveCfg = Release|Any CPU
		{47B6F8F1-74CF-4E6E-A089-571C3B21AAB2}.Release|x86.Build.0 = Release|Any CPU
	EndGlobalSection
	GlobalSection(NestedProjects) = preSolution
		{ABF8F110-5E74-4103-8A12-D61AB0E3A56C} = {6B49F8B2-82DA-4562-9777-6485231EA46C}
		{667D525A-F6DA-4829-876F-D0E25836772C} = {6B49F8B2-82DA-4562-9777-6485231EA46C}
		{0D3D14DB-0329-440C-8F71-2E0F61F93F47} = {6B49F8B2-82DA-4562-9777-6485231EA46C}
		{AA94E733-ABA3-471F-8726-C88D5AE52820} = {6B49F8B2-82DA-4562-9777-6485231EA46C}
		{77B81E79-34FE-4DA2-B6D0-57129F0371E0} = {6B49F8B2-82DA-4562-9777-6485231EA46C}
		{0D3FB186-E5A2-4663-8DDA-5CEBAF0ED5BA} = {9746085F-C133-48B7-8AE2-7E8C707A7100}
		{7762755E-6135-4A6D-BFEB-895E85221A21} = {9746085F-C133-48B7-8AE2-7E8C707A7100}
		{47B6F8F1-74CF-4E6E-A089-571C3B21AAB2} = {9746085F-C133-48B7-8AE2-7E8C707A7100}
	EndGlobalSection
EndGlobal
