
Microsoft Visual Studio Solution File, Format Version 12.00
# Visual Studio 15
VisualStudioVersion = 15.0.26124.0
MinimumVisualStudioVersion = 15.0.26124.0
Project("{FAE04EC0-301F-11D3-BF4B-00C04F79EFBC}") = "frontend", "frontend\frontend.csproj", "{97295F7E-7E7C-42BD-BF99-EDE240659C80}"
EndProject
Project("{FAE04EC0-301F-11D3-BF4B-00C04F79EFBC}") = "Api", "Api\Api.csproj", "{ABF8F110-5E74-4103-8A12-D61AB0E3A56C}"
EndProject
Project("{FAE04EC0-301F-11D3-BF4B-00C04F79EFBC}") = "Entity", "Entity\Entity.csproj", "{667D525A-F6DA-4829-876F-D0E25836772C}"
EndProject
Project("{FAE04EC0-301F-11D3-BF4B-00C04F79EFBC}") = "Infrastructure", "Infrastructure\Infrastructure.csproj", "{0D3D14DB-0329-440C-8F71-2E0F61F93F47}"
EndProject
Project("{FAE04EC0-301F-11D3-BF4B-00C04F79EFBC}") = "Test", "Test\Test.csproj", "{AA94E733-ABA3-471F-8726-C88D5AE52820}"
EndProject
Project("{FAE04EC0-301F-11D3-BF4B-00C04F79EFBC}") = "Service", "Service\Service.csproj", "{77B81E79-34FE-4DA2-B6D0-57129F0371E0}"
EndProject
Global
	GlobalSection(SolutionConfigurationPlatforms) = preSolution
		Debug|Any CPU = Debug|Any CPU
		Debug|x64 = Debug|x64
		Debug|x86 = Debug|x86
		Release|Any CPU = Release|Any CPU
		Release|x64 = Release|x64
		Release|x86 = Release|x86
	EndGlobalSection
	GlobalSection(SolutionProperties) = preSolution
		HideSolutionNode = FALSE
	EndGlobalSection
	GlobalSection(ProjectConfigurationPlatforms) = postSolution
		{97295F7E-7E7C-42BD-BF99-EDE240659C80}.Debug|Any CPU.ActiveCfg = Debug|Any CPU
		{97295F7E-7E7C-42BD-BF99-EDE240659C80}.Debug|Any CPU.Build.0 = Debug|Any CPU
		{97295F7E-7E7C-42BD-BF99-EDE240659C80}.Debug|x64.ActiveCfg = Debug|Any CPU
		{97295F7E-7E7C-42BD-BF99-EDE240659C80}.Debug|x64.Build.0 = Debug|Any CPU
		{97295F7E-7E7C-42BD-BF99-EDE240659C80}.Debug|x86.ActiveCfg = Debug|Any CPU
		{97295F7E-7E7C-42BD-BF99-EDE240659C80}.Debug|x86.Build.0 = Debug|Any CPU
		{97295F7E-7E7C-42BD-BF99-EDE240659C80}.Release|Any CPU.ActiveCfg = Release|Any CPU
		{97295F7E-7E7C-42BD-BF99-EDE240659C80}.Release|Any CPU.Build.0 = Release|Any CPU
		{97295F7E-7E7C-42BD-BF99-EDE240659C80}.Release|x64.ActiveCfg = Release|Any CPU
		{97295F7E-7E7C-42BD-BF99-EDE240659C80}.Release|x64.Build.0 = Release|Any CPU
		{97295F7E-7E7C-42BD-BF99-EDE240659C80}.Release|x86.ActiveCfg = Release|Any CPU
		{97295F7E-7E7C-42BD-BF99-EDE240659C80}.Release|x86.Build.0 = Release|Any CPU
		{C27245AC-E282-4188-8DB7-6331A45B55ED}.Debug|Any CPU.ActiveCfg = Debug|Any CPU
		{C27245AC-E282-4188-8DB7-6331A45B55ED}.Debug|Any CPU.Build.0 = Debug|Any CPU
		{C27245AC-E282-4188-8DB7-6331A45B55ED}.Debug|x64.ActiveCfg = Debug|Any CPU
		{C27245AC-E282-4188-8DB7-6331A45B55ED}.Debug|x64.Build.0 = Debug|Any CPU
		{C27245AC-E282-4188-8DB7-6331A45B55ED}.Debug|x86.ActiveCfg = Debug|Any CPU
		{C27245AC-E282-4188-8DB7-6331A45B55ED}.Debug|x86.Build.0 = Debug|Any CPU
		{C27245AC-E282-4188-8DB7-6331A45B55ED}.Release|Any CPU.ActiveCfg = Release|Any CPU
		{C27245AC-E282-4188-8DB7-6331A45B55ED}.Release|Any CPU.Build.0 = Release|Any CPU
		{C27245AC-E282-4188-8DB7-6331A45B55ED}.Release|x64.ActiveCfg = Release|Any CPU
		{C27245AC-E282-4188-8DB7-6331A45B55ED}.Release|x64.Build.0 = Release|Any CPU
		{C27245AC-E282-4188-8DB7-6331A45B55ED}.Release|x86.ActiveCfg = Release|Any CPU
		{C27245AC-E282-4188-8DB7-6331A45B55ED}.Release|x86.Build.0 = Release|Any CPU
		{ABF8F110-5E74-4103-8A12-D61AB0E3A56C}.Debug|Any CPU.ActiveCfg = Debug|Any CPU
		{ABF8F110-5E74-4103-8A12-D61AB0E3A56C}.Debug|Any CPU.Build.0 = Debug|Any CPU
		{ABF8F110-5E74-4103-8A12-D61AB0E3A56C}.Debug|x64.ActiveCfg = Debug|Any CPU
		{ABF8F110-5E74-4103-8A12-D61AB0E3A56C}.Debug|x64.Build.0 = Debug|Any CPU
		{ABF8F110-5E74-4103-8A12-D61AB0E3A56C}.Debug|x86.ActiveCfg = Debug|Any CPU
		{ABF8F110-5E74-4103-8A12-D61AB0E3A56C}.Debug|x86.Build.0 = Debug|Any CPU
		{ABF8F110-5E74-4103-8A12-D61AB0E3A56C}.Release|Any CPU.ActiveCfg = Release|Any CPU
		{ABF8F110-5E74-4103-8A12-D61AB0E3A56C}.Release|Any CPU.Build.0 = Release|Any CPU
		{ABF8F110-5E74-4103-8A12-D61AB0E3A56C}.Release|x64.ActiveCfg = Release|Any CPU
		{ABF8F110-5E74-4103-8A12-D61AB0E3A56C}.Release|x64.Build.0 = Release|Any CPU
		{ABF8F110-5E74-4103-8A12-D61AB0E3A56C}.Release|x86.ActiveCfg = Release|Any CPU
		{ABF8F110-5E74-4103-8A12-D61AB0E3A56C}.Release|x86.Build.0 = Release|Any CPU
		{667D525A-F6DA-4829-876F-D0E25836772C}.Debug|Any CPU.ActiveCfg = Debug|Any CPU
		{667D525A-F6DA-4829-876F-D0E25836772C}.Debug|Any CPU.Build.0 = Debug|Any CPU
		{667D525A-F6DA-4829-876F-D0E25836772C}.Debug|x64.ActiveCfg = Debug|Any CPU
		{667D525A-F6DA-4829-876F-D0E25836772C}.Debug|x64.Build.0 = Debug|Any CPU
		{667D525A-F6DA-4829-876F-D0E25836772C}.Debug|x86.ActiveCfg = Debug|Any CPU
		{667D525A-F6DA-4829-876F-D0E25836772C}.Debug|x86.Build.0 = Debug|Any CPU
		{667D525A-F6DA-4829-876F-D0E25836772C}.Release|Any CPU.ActiveCfg = Release|Any CPU
		{667D525A-F6DA-4829-876F-D0E25836772C}.Release|Any CPU.Build.0 = Release|Any CPU
		{667D525A-F6DA-4829-876F-D0E25836772C}.Release|x64.ActiveCfg = Release|Any CPU
		{667D525A-F6DA-4829-876F-D0E25836772C}.Release|x64.Build.0 = Release|Any CPU
		{667D525A-F6DA-4829-876F-D0E25836772C}.Release|x86.ActiveCfg = Release|Any CPU
		{667D525A-F6DA-4829-876F-D0E25836772C}.Release|x86.Build.0 = Release|Any CPU
		{0D3D14DB-0329-440C-8F71-2E0F61F93F47}.Debug|Any CPU.ActiveCfg = Debug|Any CPU
		{0D3D14DB-0329-440C-8F71-2E0F61F93F47}.Debug|Any CPU.Build.0 = Debug|Any CPU
		{0D3D14DB-0329-440C-8F71-2E0F61F93F47}.Debug|x64.ActiveCfg = Debug|Any CPU
		{0D3D14DB-0329-440C-8F71-2E0F61F93F47}.Debug|x64.Build.0 = Debug|Any CPU
		{0D3D14DB-0329-440C-8F71-2E0F61F93F47}.Debug|x86.ActiveCfg = Debug|Any CPU
		{0D3D14DB-0329-440C-8F71-2E0F61F93F47}.Debug|x86.Build.0 = Debug|Any CPU
		{0D3D14DB-0329-440C-8F71-2E0F61F93F47}.Release|Any CPU.ActiveCfg = Release|Any CPU
		{0D3D14DB-0329-440C-8F71-2E0F61F93F47}.Release|Any CPU.Build.0 = Release|Any CPU
		{0D3D14DB-0329-440C-8F71-2E0F61F93F47}.Release|x64.ActiveCfg = Release|Any CPU
		{0D3D14DB-0329-440C-8F71-2E0F61F93F47}.Release|x64.Build.0 = Release|Any CPU
		{0D3D14DB-0329-440C-8F71-2E0F61F93F47}.Release|x86.ActiveCfg = Release|Any CPU
		{0D3D14DB-0329-440C-8F71-2E0F61F93F47}.Release|x86.Build.0 = Release|Any CPU
		{AA94E733-ABA3-471F-8726-C88D5AE52820}.Debug|Any CPU.ActiveCfg = Debug|Any CPU
		{AA94E733-ABA3-471F-8726-C88D5AE52820}.Debug|Any CPU.Build.0 = Debug|Any CPU
		{AA94E733-ABA3-471F-8726-C88D5AE52820}.Debug|x64.ActiveCfg = Debug|Any CPU
		{AA94E733-ABA3-471F-8726-C88D5AE52820}.Debug|x64.Build.0 = Debug|Any CPU
		{AA94E733-ABA3-471F-8726-C88D5AE52820}.Debug|x86.ActiveCfg = Debug|Any CPU
		{AA94E733-ABA3-471F-8726-C88D5AE52820}.Debug|x86.Build.0 = Debug|Any CPU
		{AA94E733-ABA3-471F-8726-C88D5AE52820}.Release|Any CPU.ActiveCfg = Release|Any CPU
		{AA94E733-ABA3-471F-8726-C88D5AE52820}.Release|Any CPU.Build.0 = Release|Any CPU
		{AA94E733-ABA3-471F-8726-C88D5AE52820}.Release|x64.ActiveCfg = Release|Any CPU
		{AA94E733-ABA3-471F-8726-C88D5AE52820}.Release|x64.Build.0 = Release|Any CPU
		{AA94E733-ABA3-471F-8726-C88D5AE52820}.Release|x86.ActiveCfg = Release|Any CPU
		{AA94E733-ABA3-471F-8726-C88D5AE52820}.Release|x86.Build.0 = Release|Any CPU
		{77B81E79-34FE-4DA2-B6D0-57129F0371E0}.Debug|Any CPU.ActiveCfg = Debug|Any CPU
		{77B81E79-34FE-4DA2-B6D0-57129F0371E0}.Debug|Any CPU.Build.0 = Debug|Any CPU
		{77B81E79-34FE-4DA2-B6D0-57129F0371E0}.Debug|x64.ActiveCfg = Debug|Any CPU
		{77B81E79-34FE-4DA2-B6D0-57129F0371E0}.Debug|x64.Build.0 = Debug|Any CPU
		{77B81E79-34FE-4DA2-B6D0-57129F0371E0}.Debug|x86.ActiveCfg = Debug|Any CPU
		{77B81E79-34FE-4DA2-B6D0-57129F0371E0}.Debug|x86.Build.0 = Debug|Any CPU
		{77B81E79-34FE-4DA2-B6D0-57129F0371E0}.Release|Any CPU.ActiveCfg = Release|Any CPU
		{77B81E79-34FE-4DA2-B6D0-57129F0371E0}.Release|Any CPU.Build.0 = Release|Any CPU
		{77B81E79-34FE-4DA2-B6D0-57129F0371E0}.Release|x64.ActiveCfg = Release|Any CPU
		{77B81E79-34FE-4DA2-B6D0-57129F0371E0}.Release|x64.Build.0 = Release|Any CPU
		{77B81E79-34FE-4DA2-B6D0-57129F0371E0}.Release|x86.ActiveCfg = Release|Any CPU
		{77B81E79-34FE-4DA2-B6D0-57129F0371E0}.Release|x86.Build.0 = Release|Any CPU
	EndGlobalSection
	GlobalSection(NestedProjects) = preSolution
		{ABF8F110-5E74-4103-8A12-D61AB0E3A56C} = {6B49F8B2-82DA-4562-9777-6485231EA46C}
		{667D525A-F6DA-4829-876F-D0E25836772C} = {6B49F8B2-82DA-4562-9777-6485231EA46C}
		{0D3D14DB-0329-440C-8F71-2E0F61F93F47} = {6B49F8B2-82DA-4562-9777-6485231EA46C}
		{AA94E733-ABA3-471F-8726-C88D5AE52820} = {6B49F8B2-82DA-4562-9777-6485231EA46C}
		{77B81E79-34FE-4DA2-B6D0-57129F0371E0} = {6B49F8B2-82DA-4562-9777-6485231EA46C}
	EndGlobalSection
EndGlobal
