
Microsoft Visual Studio Solution File, Format Version 12.00
# Visual Studio 15
VisualStudioVersion = 15.0.26124.0
MinimumVisualStudioVersion = 15.0.26124.0
Project("{FAE04EC0-301F-11D3-BF4B-00C04F79EFBC}") = "Afaq.Api", "Afaq.Api\Afaq.Api.csproj", "{BEC41FB3-61F5-40CE-B805-ACCDB6674750}"
EndProject
Project("{FAE04EC0-301F-11D3-BF4B-00C04F79EFBC}") = "Afaq.Core", "Afaq.Core\Afaq.Core.csproj", "{BD38A78E-BCDF-4974-89B9-EA66B9FFC958}"
EndProject
Project("{FAE04EC0-301F-11D3-BF4B-00C04F79EFBC}") = "Afaq.Infrastructure", "Afaq.Infrastructure\Afaq.Infrastructure.csproj", "{F10C1FE3-D021-4DAB-A7EB-157D185A0701}"
EndProject
Project("{2150E333-8FDC-42A3-9474-1A3956D46DE8}") = "tests", "tests", "{A6566FA8-1AF8-4FB5-873A-514B8E5D44B8}"
EndProject
Project("{FAE04EC0-301F-11D3-BF4B-00C04F79EFBC}") = "Afaq.FunctionalTests", "tests\Afaq.FunctionalTests\Afaq.FunctionalTests.csproj", "{4D205F88-415D-422A-8B46-1DAD475910F1}"
EndProject
Project("{FAE04EC0-301F-11D3-BF4B-00C04F79EFBC}") = "Afaq.IntegrationTests", "tests\Afaq.IntegrationTests\Afaq.IntegrationTests.csproj", "{50A78D81-5563-4915-A7F4-6B193858B3FE}"
EndProject
Project("{FAE04EC0-301F-11D3-BF4B-00C04F79EFBC}") = "Afaq.Test", "tests\Afaq.Test\Afaq.Test.csproj", "{0207B389-B76C-4225-94B1-597BBA14C06B}"
EndProject
Global
	GlobalSection(SolutionConfigurationPlatforms) = preSolution
		Debug|Any CPU = Debug|Any CPU
		Debug|x64 = Debug|x64
		Debug|x86 = Debug|x86
		Release|Any CPU = Release|Any CPU
		Release|x64 = Release|x64
		Release|x86 = Release|x86
	EndGlobalSection
	GlobalSection(SolutionProperties) = preSolution
		HideSolutionNode = FALSE
	EndGlobalSection
	GlobalSection(ProjectConfigurationPlatforms) = postSolution
		{BEC41FB3-61F5-40CE-B805-ACCDB6674750}.Debug|Any CPU.ActiveCfg = Debug|Any CPU
		{BEC41FB3-61F5-40CE-B805-ACCDB6674750}.Debug|Any CPU.Build.0 = Debug|Any CPU
		{BEC41FB3-61F5-40CE-B805-ACCDB6674750}.Debug|x64.ActiveCfg = Debug|Any CPU
		{BEC41FB3-61F5-40CE-B805-ACCDB6674750}.Debug|x64.Build.0 = Debug|Any CPU
		{BEC41FB3-61F5-40CE-B805-ACCDB6674750}.Debug|x86.ActiveCfg = Debug|Any CPU
		{BEC41FB3-61F5-40CE-B805-ACCDB6674750}.Debug|x86.Build.0 = Debug|Any CPU
		{BEC41FB3-61F5-40CE-B805-ACCDB6674750}.Release|Any CPU.ActiveCfg = Release|Any CPU
		{BEC41FB3-61F5-40CE-B805-ACCDB6674750}.Release|Any CPU.Build.0 = Release|Any CPU
		{BEC41FB3-61F5-40CE-B805-ACCDB6674750}.Release|x64.ActiveCfg = Release|Any CPU
		{BEC41FB3-61F5-40CE-B805-ACCDB6674750}.Release|x64.Build.0 = Release|Any CPU
		{BEC41FB3-61F5-40CE-B805-ACCDB6674750}.Release|x86.ActiveCfg = Release|Any CPU
		{BEC41FB3-61F5-40CE-B805-ACCDB6674750}.Release|x86.Build.0 = Release|Any CPU
		{BD38A78E-BCDF-4974-89B9-EA66B9FFC958}.Debug|Any CPU.ActiveCfg = Debug|Any CPU
		{BD38A78E-BCDF-4974-89B9-EA66B9FFC958}.Debug|Any CPU.Build.0 = Debug|Any CPU
		{BD38A78E-BCDF-4974-89B9-EA66B9FFC958}.Debug|x64.ActiveCfg = Debug|Any CPU
		{BD38A78E-BCDF-4974-89B9-EA66B9FFC958}.Debug|x64.Build.0 = Debug|Any CPU
		{BD38A78E-BCDF-4974-89B9-EA66B9FFC958}.Debug|x86.ActiveCfg = Debug|Any CPU
		{BD38A78E-BCDF-4974-89B9-EA66B9FFC958}.Debug|x86.Build.0 = Debug|Any CPU
		{BD38A78E-BCDF-4974-89B9-EA66B9FFC958}.Release|Any CPU.ActiveCfg = Release|Any CPU
		{BD38A78E-BCDF-4974-89B9-EA66B9FFC958}.Release|Any CPU.Build.0 = Release|Any CPU
		{BD38A78E-BCDF-4974-89B9-EA66B9FFC958}.Release|x64.ActiveCfg = Release|Any CPU
		{BD38A78E-BCDF-4974-89B9-EA66B9FFC958}.Release|x64.Build.0 = Release|Any CPU
		{BD38A78E-BCDF-4974-89B9-EA66B9FFC958}.Release|x86.ActiveCfg = Release|Any CPU
		{BD38A78E-BCDF-4974-89B9-EA66B9FFC958}.Release|x86.Build.0 = Release|Any CPU
		{F10C1FE3-D021-4DAB-A7EB-157D185A0701}.Debug|Any CPU.ActiveCfg = Debug|Any CPU
		{F10C1FE3-D021-4DAB-A7EB-157D185A0701}.Debug|Any CPU.Build.0 = Debug|Any CPU
		{F10C1FE3-D021-4DAB-A7EB-157D185A0701}.Debug|x64.ActiveCfg = Debug|Any CPU
		{F10C1FE3-D021-4DAB-A7EB-157D185A0701}.Debug|x64.Build.0 = Debug|Any CPU
		{F10C1FE3-D021-4DAB-A7EB-157D185A0701}.Debug|x86.ActiveCfg = Debug|Any CPU
		{F10C1FE3-D021-4DAB-A7EB-157D185A0701}.Debug|x86.Build.0 = Debug|Any CPU
		{F10C1FE3-D021-4DAB-A7EB-157D185A0701}.Release|Any CPU.ActiveCfg = Release|Any CPU
		{F10C1FE3-D021-4DAB-A7EB-157D185A0701}.Release|Any CPU.Build.0 = Release|Any CPU
		{F10C1FE3-D021-4DAB-A7EB-157D185A0701}.Release|x64.ActiveCfg = Release|Any CPU
		{F10C1FE3-D021-4DAB-A7EB-157D185A0701}.Release|x64.Build.0 = Release|Any CPU
		{F10C1FE3-D021-4DAB-A7EB-157D185A0701}.Release|x86.ActiveCfg = Release|Any CPU
		{F10C1FE3-D021-4DAB-A7EB-157D185A0701}.Release|x86.Build.0 = Release|Any CPU
		{4D205F88-415D-422A-8B46-1DAD475910F1}.Debug|Any CPU.ActiveCfg = Debug|Any CPU
		{4D205F88-415D-422A-8B46-1DAD475910F1}.Debug|Any CPU.Build.0 = Debug|Any CPU
		{4D205F88-415D-422A-8B46-1DAD475910F1}.Debug|x64.ActiveCfg = Debug|Any CPU
		{4D205F88-415D-422A-8B46-1DAD475910F1}.Debug|x64.Build.0 = Debug|Any CPU
		{4D205F88-415D-422A-8B46-1DAD475910F1}.Debug|x86.ActiveCfg = Debug|Any CPU
		{4D205F88-415D-422A-8B46-1DAD475910F1}.Debug|x86.Build.0 = Debug|Any CPU
		{4D205F88-415D-422A-8B46-1DAD475910F1}.Release|Any CPU.ActiveCfg = Release|Any CPU
		{4D205F88-415D-422A-8B46-1DAD475910F1}.Release|Any CPU.Build.0 = Release|Any CPU
		{4D205F88-415D-422A-8B46-1DAD475910F1}.Release|x64.ActiveCfg = Release|Any CPU
		{4D205F88-415D-422A-8B46-1DAD475910F1}.Release|x64.Build.0 = Release|Any CPU
		{4D205F88-415D-422A-8B46-1DAD475910F1}.Release|x86.ActiveCfg = Release|Any CPU
		{4D205F88-415D-422A-8B46-1DAD475910F1}.Release|x86.Build.0 = Release|Any CPU
		{50A78D81-5563-4915-A7F4-6B193858B3FE}.Debug|Any CPU.ActiveCfg = Debug|Any CPU
		{50A78D81-5563-4915-A7F4-6B193858B3FE}.Debug|Any CPU.Build.0 = Debug|Any CPU
		{50A78D81-5563-4915-A7F4-6B193858B3FE}.Debug|x64.ActiveCfg = Debug|Any CPU
		{50A78D81-5563-4915-A7F4-6B193858B3FE}.Debug|x64.Build.0 = Debug|Any CPU
		{50A78D81-5563-4915-A7F4-6B193858B3FE}.Debug|x86.ActiveCfg = Debug|Any CPU
		{50A78D81-5563-4915-A7F4-6B193858B3FE}.Debug|x86.Build.0 = Debug|Any CPU
		{50A78D81-5563-4915-A7F4-6B193858B3FE}.Release|Any CPU.ActiveCfg = Release|Any CPU
		{50A78D81-5563-4915-A7F4-6B193858B3FE}.Release|Any CPU.Build.0 = Release|Any CPU
		{50A78D81-5563-4915-A7F4-6B193858B3FE}.Release|x64.ActiveCfg = Release|Any CPU
		{50A78D81-5563-4915-A7F4-6B193858B3FE}.Release|x64.Build.0 = Release|Any CPU
		{50A78D81-5563-4915-A7F4-6B193858B3FE}.Release|x86.ActiveCfg = Release|Any CPU
		{50A78D81-5563-4915-A7F4-6B193858B3FE}.Release|x86.Build.0 = Release|Any CPU
		{0207B389-B76C-4225-94B1-597BBA14C06B}.Debug|Any CPU.ActiveCfg = Debug|Any CPU
		{0207B389-B76C-4225-94B1-597BBA14C06B}.Debug|Any CPU.Build.0 = Debug|Any CPU
		{0207B389-B76C-4225-94B1-597BBA14C06B}.Debug|x64.ActiveCfg = Debug|Any CPU
		{0207B389-B76C-4225-94B1-597BBA14C06B}.Debug|x64.Build.0 = Debug|Any CPU
		{0207B389-B76C-4225-94B1-597BBA14C06B}.Debug|x86.ActiveCfg = Debug|Any CPU
		{0207B389-B76C-4225-94B1-597BBA14C06B}.Debug|x86.Build.0 = Debug|Any CPU
		{0207B389-B76C-4225-94B1-597BBA14C06B}.Release|Any CPU.ActiveCfg = Release|Any CPU
		{0207B389-B76C-4225-94B1-597BBA14C06B}.Release|Any CPU.Build.0 = Release|Any CPU
		{0207B389-B76C-4225-94B1-597BBA14C06B}.Release|x64.ActiveCfg = Release|Any CPU
		{0207B389-B76C-4225-94B1-597BBA14C06B}.Release|x64.Build.0 = Release|Any CPU
		{0207B389-B76C-4225-94B1-597BBA14C06B}.Release|x86.ActiveCfg = Release|Any CPU
		{0207B389-B76C-4225-94B1-597BBA14C06B}.Release|x86.Build.0 = Release|Any CPU
	EndGlobalSection
	GlobalSection(NestedProjects) = preSolution
		{4D205F88-415D-422A-8B46-1DAD475910F1} = {A6566FA8-1AF8-4FB5-873A-514B8E5D44B8}
		{50A78D81-5563-4915-A7F4-6B193858B3FE} = {A6566FA8-1AF8-4FB5-873A-514B8E5D44B8}
		{0207B389-B76C-4225-94B1-597BBA14C06B} = {A6566FA8-1AF8-4FB5-873A-514B8E5D44B8}
	EndGlobalSection
EndGlobal
